{
  "nodes": {
    "nixpkgs": {
      "locked": {
        "lastModified": 1720553833,
        "narHash": "sha256-IXMiHQMtdShDXcBW95ctA+m5Oq2kLxnBt7WlMxvDQXA=",
        "owner": "NixOS",
        "repo": "nixpkgs",
        "rev": "249fbde2a178a2ea2638b65b9ecebd531b338cf9",
        "type": "github"
      },
      "original": {
        "owner": "NixOS",
        "ref": "nixos-24.05",
        "repo": "nixpkgs",
        "type": "github"
      }
    },
    "root": {
      "inputs": {
        "nixpkgs": [
          "super",
          "nixpkgs"
        ],
        "super": "super"
      }
    },
    "rust-overlay": {
      "flake": false,
      "locked": {
        "lastModified": 1720664424,
        "narHash": "sha256-+odiMNHRYdvzL1ewl41UVFxsjmdoXfH+maQ8xvUoR4g=",
        "owner": "oxalica",
        "repo": "rust-overlay",
        "rev": "fec97e65fcbaab0decccba740ac8688f61dadd70",
        "type": "github"
      },
      "original": {
        "owner": "oxalica",
        "repo": "rust-overlay",
        "type": "github"
      }
    },
    "super": {
      "inputs": {
        "nixpkgs": "nixpkgs",
        "rust-overlay": "rust-overlay"
      },
      "locked": {
        "lastModified": 0,
        "narHash": "sha256-ymdV5OzlYrpY0L+Vap3mrOEd4EkYymQ/ys8s/zwjFmY=",
        "path": "..",
        "type": "path"
      },
      "original": {
        "path": "..",
        "type": "path"
      }
    }
  },
  "root": "root",
  "version": 7
}
